// !$*UTF8*$!
{
	archiveVersion = 1;
	classes = {
	};
	objectVersion = 46;
	objects = {

/* Begin PBXBuildFile section */
		4C2C30E61F3CADCE0043F728 /* PlainButton.swift in Sources */ = {isa = PBXBuildFile; fileRef = 4C2C30E51F3CADCE0043F728 /* PlainButton.swift */; };
		4C95AECF1F0D318100EA5A8F /* AppDelegate.swift in Sources */ = {isa = PBXBuildFile; fileRef = 4C95AECE1F0D318100EA5A8F /* AppDelegate.swift */; };
		4C95AED81F0D318100EA5A8F /* Assets.xcassets in Resources */ = {isa = PBXBuildFile; fileRef = 4C95AED71F0D318100EA5A8F /* Assets.xcassets */; };
		4C95AEDB1F0D318100EA5A8F /* LaunchScreen.storyboard in Resources */ = {isa = PBXBuildFile; fileRef = 4C95AED91F0D318100EA5A8F /* LaunchScreen.storyboard */; };
		4C95AEE61F0D318100EA5A8F /* ActionPlanSampleTests.swift in Sources */ = {isa = PBXBuildFile; fileRef = 4C95AEE51F0D318100EA5A8F /* ActionPlanSampleTests.swift */; };
		4C95AEF11F0D318100EA5A8F /* ActionPlanSampleUITests.swift in Sources */ = {isa = PBXBuildFile; fileRef = 4C95AEF01F0D318100EA5A8F /* ActionPlanSampleUITests.swift */; };
		4C95AF001F0D34DE00EA5A8F /* TabBarViewController.swift in Sources */ = {isa = PBXBuildFile; fileRef = 4C95AEFF1F0D34DE00EA5A8F /* TabBarViewController.swift */; };
		4C95AF031F0D357E00EA5A8F /* ActionPlanConfiguration.swift in Sources */ = {isa = PBXBuildFile; fileRef = 4C95AF021F0D357E00EA5A8F /* ActionPlanConfiguration.swift */; };
		4C9EED911F27A76A00F717CB /* Today.storyboard in Resources */ = {isa = PBXBuildFile; fileRef = 4C9EED901F27A76A00F717CB /* Today.storyboard */; };
		4C9EED931F27A7DC00F717CB /* TodayViewController.swift in Sources */ = {isa = PBXBuildFile; fileRef = 4C9EED921F27A7DC00F717CB /* TodayViewController.swift */; };
		4C9EED951F27BB2C00F717CB /* TimelineTaskTableViewCell.swift in Sources */ = {isa = PBXBuildFile; fileRef = 4C9EED941F27BB2C00F717CB /* TimelineTaskTableViewCell.swift */; };
		4C9EED981F27C05800F717CB /* UIViewExtensions.swift in Sources */ = {isa = PBXBuildFile; fileRef = 4C9EED971F27C05800F717CB /* UIViewExtensions.swift */; };
		4C9EED9B1F27C0E900F717CB /* ActivityIndicatorView.xib in Resources */ = {isa = PBXBuildFile; fileRef = 4C9EED9A1F27C0E900F717CB /* ActivityIndicatorView.xib */; };
		4C9EED9E1F27C14D00F717CB /* BaseViewController.swift in Sources */ = {isa = PBXBuildFile; fileRef = 4C9EED9D1F27C14D00F717CB /* BaseViewController.swift */; };
		4C9EEDA01F27E20F00F717CB /* UIImageViewExtensions.swift in Sources */ = {isa = PBXBuildFile; fileRef = 4C9EED9F1F27E20F00F717CB /* UIImageViewExtensions.swift */; };
		4CA4B0B21F2FD2AE00B7AD9C /* TaskListViewController.swift in Sources */ = {isa = PBXBuildFile; fileRef = 4CA4B0B11F2FD2AE00B7AD9C /* TaskListViewController.swift */; };
		4CA4B0B51F2FD4A300B7AD9C /* TaskListTableViewCell.swift in Sources */ = {isa = PBXBuildFile; fileRef = 4CA4B0B41F2FD4A300B7AD9C /* TaskListTableViewCell.swift */; };
		4CA4B0BE1F312CE100B7AD9C /* DefaultButton.swift in Sources */ = {isa = PBXBuildFile; fileRef = 4CA4B0BD1F312CE100B7AD9C /* DefaultButton.swift */; };
		4CA4B0C11F322E0800B7AD9C /* RightBarButtonProtocol.swift in Sources */ = {isa = PBXBuildFile; fileRef = 4CA4B0C01F322E0800B7AD9C /* RightBarButtonProtocol.swift */; };
		4CA4B0C41F324B3C00B7AD9C /* ReminderManager.swift in Sources */ = {isa = PBXBuildFile; fileRef = 4CA4B0C31F324B3C00B7AD9C /* ReminderManager.swift */; };
		4CD174881F29013000F1DA60 /* HVConnection.swift in Sources */ = {isa = PBXBuildFile; fileRef = 4CD174871F29013000F1DA60 /* HVConnection.swift */; };
		4CD1748B1F29119400F1DA60 /* TrackButton.swift in Sources */ = {isa = PBXBuildFile; fileRef = 4CD1748A1F29119400F1DA60 /* TrackButton.swift */; };
		4CD1749D1F29470700F1DA60 /* UIColorExtensions.swift in Sources */ = {isa = PBXBuildFile; fileRef = 4CD1749C1F29470700F1DA60 /* UIColorExtensions.swift */; };
		4CD174AD1F2A643F00F1DA60 /* TimelineTaskCellData.swift in Sources */ = {isa = PBXBuildFile; fileRef = 4CD174AC1F2A643F00F1DA60 /* TimelineTaskCellData.swift */; };
		4CD174AF1F2A84F600F1DA60 /* TrackTaskViewController.swift in Sources */ = {isa = PBXBuildFile; fileRef = 4CD174AE1F2A84F600F1DA60 /* TrackTaskViewController.swift */; };
		4CD45B501F544B1800E5246D /* ErrorConstants.swift in Sources */ = {isa = PBXBuildFile; fileRef = 4CD45B4F1F544B1800E5246D /* ErrorConstants.swift */; };
		4CE7C96B1F50AC83006F5C84 /* ReminderManagerDataSource.swift in Sources */ = {isa = PBXBuildFile; fileRef = 4CE7C96A1F50AC83006F5C84 /* ReminderManagerDataSource.swift */; };
		4CE7C96D1F50AD38006F5C84 /* ReminderManagerFactory.swift in Sources */ = {isa = PBXBuildFile; fileRef = 4CE7C96C1F50AD38006F5C84 /* ReminderManagerFactory.swift */; };
		4CF08E0D1F38BE26004057AA /* Constants.swift in Sources */ = {isa = PBXBuildFile; fileRef = 4CF08E0C1F38BE26004057AA /* Constants.swift */; };
		4CF959091F50715100C87484 /* ReminderHandler.swift in Sources */ = {isa = PBXBuildFile; fileRef = 4CF959081F50715100C87484 /* ReminderHandler.swift */; };
		56EB38871C33D8F3F5D8EC3E /* Pods_ActionPlanSample.framework in Frameworks */ = {isa = PBXBuildFile; fileRef = 402C668C709C1C46A09A8EB8 /* Pods_ActionPlanSample.framework */; };
		A50B12851F44E4D1009A22C4 /* HealthKitManager.swift in Sources */ = {isa = PBXBuildFile; fileRef = A50B12831F44E4D1009A22C4 /* HealthKitManager.swift */; };
		A50B12861F44E4D1009A22C4 /* PermissionsManager.swift in Sources */ = {isa = PBXBuildFile; fileRef = A50B12841F44E4D1009A22C4 /* PermissionsManager.swift */; };
		A50B12881F44E6D4009A22C4 /* HealthKitConstants.swift in Sources */ = {isa = PBXBuildFile; fileRef = A50B12871F44E6D4009A22C4 /* HealthKitConstants.swift */; };
		A50B128A1F45DA51009A22C4 /* HealthStoreProxyProtocol.swift in Sources */ = {isa = PBXBuildFile; fileRef = A50B12891F45DA51009A22C4 /* HealthStoreProxyProtocol.swift */; };
		A50B128C1F45DB33009A22C4 /* HealthStoreProxy.swift in Sources */ = {isa = PBXBuildFile; fileRef = A50B128B1F45DB33009A22C4 /* HealthStoreProxy.swift */; };
		A50B12941F45DF20009A22C4 /* HealthData.storyboard in Resources */ = {isa = PBXBuildFile; fileRef = A50B12931F45DF20009A22C4 /* HealthData.storyboard */; };
		A50B12961F45DFAA009A22C4 /* HealthDataStatusViewController.swift in Sources */ = {isa = PBXBuildFile; fileRef = A50B12951F45DFAA009A22C4 /* HealthDataStatusViewController.swift */; };
		A50B12981F45F16B009A22C4 /* HealthKitQueryObserver.swift in Sources */ = {isa = PBXBuildFile; fileRef = A50B12971F45F16B009A22C4 /* HealthKitQueryObserver.swift */; };
		A50B129D1F461474009A22C4 /* HealthKit.framework in Frameworks */ = {isa = PBXBuildFile; fileRef = A50B129C1F461474009A22C4 /* HealthKit.framework */; };
		A50B12A51F4B45B0009A22C4 /* HealthKitQueryObserverFactory.swift in Sources */ = {isa = PBXBuildFile; fileRef = A50B12A41F4B45B0009A22C4 /* HealthKitQueryObserverFactory.swift */; };
		A50B12A81F4B5FA6009A22C4 /* BloodPressureSynchronizer.swift in Sources */ = {isa = PBXBuildFile; fileRef = A50B12A71F4B5FA6009A22C4 /* BloodPressureSynchronizer.swift */; };
		A50B12AA1F4B629F009A22C4 /* HealthKitSampleSynchronizerBase.swift in Sources */ = {isa = PBXBuildFile; fileRef = A50B12A91F4B629F009A22C4 /* HealthKitSampleSynchronizerBase.swift */; };
		A50B12AC1F4B6343009A22C4 /* HealthKitSampleSynchronizerProtocol.swift in Sources */ = {isa = PBXBuildFile; fileRef = A50B12AB1F4B6343009A22C4 /* HealthKitSampleSynchronizerProtocol.swift */; };
		A50B12AE1F4C75FF009A22C4 /* HealthKitManagerFactory.swift in Sources */ = {isa = PBXBuildFile; fileRef = A50B12AD1F4C75FF009A22C4 /* HealthKitManagerFactory.swift */; };
		A50B12B01F4C79FE009A22C4 /* HealthKitSampleSynchronizerFactory.swift in Sources */ = {isa = PBXBuildFile; fileRef = A50B12AF1F4C79FE009A22C4 /* HealthKitSampleSynchronizerFactory.swift */; };
		A50B12B21F4CA89B009A22C4 /* BloodGlucoseSynchronizer.swift in Sources */ = {isa = PBXBuildFile; fileRef = A50B12B11F4CA89B009A22C4 /* BloodGlucoseSynchronizer.swift */; };
		A50B12B41F4CA91A009A22C4 /* WeightSynchronizer.swift in Sources */ = {isa = PBXBuildFile; fileRef = A50B12B31F4CA91A009A22C4 /* WeightSynchronizer.swift */; };
		A511926B1F27A10900585D42 /* RootViewController.xib in Resources */ = {isa = PBXBuildFile; fileRef = A511926A1F27A10900585D42 /* RootViewController.xib */; };
		A51B7E0C1F2A67BB00E6C4FA /* MyHabits.storyboard in Resources */ = {isa = PBXBuildFile; fileRef = A51B7E0B1F2A67BB00E6C4FA /* MyHabits.storyboard */; };
		A51B7E0E1F2A684B00E6C4FA /* ManageHabitsViewController.swift in Sources */ = {isa = PBXBuildFile; fileRef = A51B7E0D1F2A684B00E6C4FA /* ManageHabitsViewController.swift */; };
		A51B7E121F2B768200E6C4FA /* ObjectiveDetailViewController.swift in Sources */ = {isa = PBXBuildFile; fileRef = A51B7E111F2B768200E6C4FA /* ObjectiveDetailViewController.swift */; };
		A51B7E141F2B770000E6C4FA /* HabitDetailViewController.swift in Sources */ = {isa = PBXBuildFile; fileRef = A51B7E131F2B770000E6C4FA /* HabitDetailViewController.swift */; };
		A51B7E161F2B771400E6C4FA /* EditHabitViewController.swift in Sources */ = {isa = PBXBuildFile; fileRef = A51B7E151F2B771400E6C4FA /* EditHabitViewController.swift */; };
		A51B7E191F2F70B300E6C4FA /* ManageHabitsObjectiveTableViewCell.swift in Sources */ = {isa = PBXBuildFile; fileRef = A51B7E181F2F70B300E6C4FA /* ManageHabitsObjectiveTableViewCell.swift */; };
		A51B7E1B1F2F70EA00E6C4FA /* ManageHabitsTaskTableViewCell.swift in Sources */ = {isa = PBXBuildFile; fileRef = A51B7E1A1F2F70EA00E6C4FA /* ManageHabitsTaskTableViewCell.swift */; };
		A51B7E231F321FD700E6C4FA /* AtSpecificTimesCell.swift in Sources */ = {isa = PBXBuildFile; fileRef = A51B7E221F321FD700E6C4FA /* AtSpecificTimesCell.swift */; };
		A51B7E2D1F34CEDB00E6C4FA /* EditTimeViewController.swift in Sources */ = {isa = PBXBuildFile; fileRef = A51B7E2C1F34CEDB00E6C4FA /* EditTimeViewController.swift */; };
		A51B7E3A1F3A67D600E6C4FA /* FrequencyTableViewCell.swift in Sources */ = {isa = PBXBuildFile; fileRef = A51B7E391F3A67D600E6C4FA /* FrequencyTableViewCell.swift */; };
		A51B7E3C1F3A6E7700E6C4FA /* EditHabitAccessoryView.swift in Sources */ = {isa = PBXBuildFile; fileRef = A51B7E3B1F3A6E7700E6C4FA /* EditHabitAccessoryView.swift */; };
		A51B7E421F3B472400E6C4FA /* PickerTextField.swift in Sources */ = {isa = PBXBuildFile; fileRef = A51B7E411F3B472400E6C4FA /* PickerTextField.swift */; };
		A51B7E461F3B650700E6C4FA /* TimePickerTableViewCell.swift in Sources */ = {isa = PBXBuildFile; fileRef = A51B7E451F3B650700E6C4FA /* TimePickerTableViewCell.swift */; };
		A51B7E481F3B676500E6C4FA /* ReminderTextField.swift in Sources */ = {isa = PBXBuildFile; fileRef = A51B7E471F3B676500E6C4FA /* ReminderTextField.swift */; };
		A51B7E4A1F3B732200E6C4FA /* ReminderTableViewCell.swift in Sources */ = {isa = PBXBuildFile; fileRef = A51B7E491F3B732200E6C4FA /* ReminderTableViewCell.swift */; };
		A51B7E4C1F3B925900E6C4FA /* PickerTableViewCell.swift in Sources */ = {isa = PBXBuildFile; fileRef = A51B7E4B1F3B925900E6C4FA /* PickerTableViewCell.swift */; };
		A52116AA1F50774A00C9D664 /* HealthKitQueryPredicateDelegate.swift in Sources */ = {isa = PBXBuildFile; fileRef = A52116A91F50774A00C9D664 /* HealthKitQueryPredicateDelegate.swift */; };
		A5B685171F54743C0082BD7D /* HealthDataTypeTableViewCell.swift in Sources */ = {isa = PBXBuildFile; fileRef = A5B685161F54743C0082BD7D /* HealthDataTypeTableViewCell.swift */; };
		A5B685191F547F2E0082BD7D /* HealthDataTypeSelectionViewController.swift in Sources */ = {isa = PBXBuildFile; fileRef = A5B685181F547F2E0082BD7D /* HealthDataTypeSelectionViewController.swift */; };
		A5B6851C1F54819F0082BD7D /* ObserverNameMap.swift in Sources */ = {isa = PBXBuildFile; fileRef = A5B6851B1F54819F0082BD7D /* ObserverNameMap.swift */; };
		A5B6851E1F54BD540082BD7D /* HealthDataManagementViewController.swift in Sources */ = {isa = PBXBuildFile; fileRef = A5B6851D1F54BD540082BD7D /* HealthDataManagementViewController.swift */; };
		A5B685201F55C2160082BD7D /* HealthDataSourceTableViewCell.swift in Sources */ = {isa = PBXBuildFile; fileRef = A5B6851F1F55C2160082BD7D /* HealthDataSourceTableViewCell.swift */; };
		A5C8AF831F4DC606007A59AE /* RootViewController.swift in Sources */ = {isa = PBXBuildFile; fileRef = A5C8AF821F4DC606007A59AE /* RootViewController.swift */; };
		A5C8AF861F4DC628007A59AE /* UserDefaultsProxy.swift in Sources */ = {isa = PBXBuildFile; fileRef = A5C8AF841F4DC628007A59AE /* UserDefaultsProxy.swift */; };
		A5C8AF871F4DC628007A59AE /* UserDefaultsProxyProtocol.swift in Sources */ = {isa = PBXBuildFile; fileRef = A5C8AF851F4DC628007A59AE /* UserDefaultsProxyProtocol.swift */; };
		A5C8AF8B1F4DC686007A59AE /* EditHabitAccessoryView.xib in Resources */ = {isa = PBXBuildFile; fileRef = A5C8AF8A1F4DC686007A59AE /* EditHabitAccessoryView.xib */; };
		A5C8AF8D1F4DC6DC007A59AE /* FrequencyTextField.swift in Sources */ = {isa = PBXBuildFile; fileRef = A5C8AF8C1F4DC6DC007A59AE /* FrequencyTextField.swift */; };
		EF9CA7B5431D9D468904DE6D /* Pods_ActionPlanSampleTests.framework in Frameworks */ = {isa = PBXBuildFile; fileRef = C209EBCEE1840F51455A9D5B /* Pods_ActionPlanSampleTests.framework */; };
/* End PBXBuildFile section */

/* Begin PBXContainerItemProxy section */
		4C95AEE21F0D318100EA5A8F /* PBXContainerItemProxy */ = {
			isa = PBXContainerItemProxy;
			containerPortal = 4C95AEC31F0D318100EA5A8F /* Project object */;
			proxyType = 1;
			remoteGlobalIDString = 4C95AECA1F0D318100EA5A8F;
			remoteInfo = ActionPlanSample;
		};
		4C95AEED1F0D318100EA5A8F /* PBXContainerItemProxy */ = {
			isa = PBXContainerItemProxy;
			containerPortal = 4C95AEC31F0D318100EA5A8F /* Project object */;
			proxyType = 1;
			remoteGlobalIDString = 4C95AECA1F0D318100EA5A8F;
			remoteInfo = ActionPlanSample;
		};
/* End PBXContainerItemProxy section */

/* Begin PBXFileReference section */
		0B94E21A1BDCAF7FE3E968BB /* Pods-ActionPlanSample.debug.xcconfig */ = {isa = PBXFileReference; includeInIndex = 1; lastKnownFileType = text.xcconfig; name = "Pods-ActionPlanSample.debug.xcconfig"; path = "Pods/Target Support Files/Pods-ActionPlanSample/Pods-ActionPlanSample.debug.xcconfig"; sourceTree = "<group>"; };
		1D5FAA176F1C5A120E2C596E /* Pods-ActionPlanSampleTests.debug.xcconfig */ = {isa = PBXFileReference; includeInIndex = 1; lastKnownFileType = text.xcconfig; name = "Pods-ActionPlanSampleTests.debug.xcconfig"; path = "Pods/Target Support Files/Pods-ActionPlanSampleTests/Pods-ActionPlanSampleTests.debug.xcconfig"; sourceTree = "<group>"; };
		402C668C709C1C46A09A8EB8 /* Pods_ActionPlanSample.framework */ = {isa = PBXFileReference; explicitFileType = wrapper.framework; includeInIndex = 0; path = Pods_ActionPlanSample.framework; sourceTree = BUILT_PRODUCTS_DIR; };
		4C2C30E51F3CADCE0043F728 /* PlainButton.swift */ = {isa = PBXFileReference; fileEncoding = 4; lastKnownFileType = sourcecode.swift; name = PlainButton.swift; path = Views/Controls/PlainButton.swift; sourceTree = "<group>"; };
		4C95AECB1F0D318100EA5A8F /* ActionPlanSample.app */ = {isa = PBXFileReference; explicitFileType = wrapper.application; includeInIndex = 0; path = ActionPlanSample.app; sourceTree = BUILT_PRODUCTS_DIR; };
		4C95AECE1F0D318100EA5A8F /* AppDelegate.swift */ = {isa = PBXFileReference; lastKnownFileType = sourcecode.swift; path = AppDelegate.swift; sourceTree = "<group>"; };
		4C95AED71F0D318100EA5A8F /* Assets.xcassets */ = {isa = PBXFileReference; lastKnownFileType = folder.assetcatalog; path = Assets.xcassets; sourceTree = "<group>"; };
		4C95AEDA1F0D318100EA5A8F /* Base */ = {isa = PBXFileReference; lastKnownFileType = file.storyboard; name = Base; path = Base.lproj/LaunchScreen.storyboard; sourceTree = "<group>"; };
		4C95AEDC1F0D318100EA5A8F /* Info.plist */ = {isa = PBXFileReference; lastKnownFileType = text.plist.xml; path = Info.plist; sourceTree = "<group>"; };
		4C95AEE11F0D318100EA5A8F /* ActionPlanSampleTests.xctest */ = {isa = PBXFileReference; explicitFileType = wrapper.cfbundle; includeInIndex = 0; path = ActionPlanSampleTests.xctest; sourceTree = BUILT_PRODUCTS_DIR; };
		4C95AEE51F0D318100EA5A8F /* ActionPlanSampleTests.swift */ = {isa = PBXFileReference; lastKnownFileType = sourcecode.swift; path = ActionPlanSampleTests.swift; sourceTree = "<group>"; };
		4C95AEE71F0D318100EA5A8F /* Info.plist */ = {isa = PBXFileReference; lastKnownFileType = text.plist.xml; path = Info.plist; sourceTree = "<group>"; };
		4C95AEEC1F0D318100EA5A8F /* ActionPlanSampleUITests.xctest */ = {isa = PBXFileReference; explicitFileType = wrapper.cfbundle; includeInIndex = 0; path = ActionPlanSampleUITests.xctest; sourceTree = BUILT_PRODUCTS_DIR; };
		4C95AEF01F0D318100EA5A8F /* ActionPlanSampleUITests.swift */ = {isa = PBXFileReference; lastKnownFileType = sourcecode.swift; path = ActionPlanSampleUITests.swift; sourceTree = "<group>"; };
		4C95AEF21F0D318100EA5A8F /* Info.plist */ = {isa = PBXFileReference; lastKnownFileType = text.plist.xml; path = Info.plist; sourceTree = "<group>"; };
		4C95AEFF1F0D34DE00EA5A8F /* TabBarViewController.swift */ = {isa = PBXFileReference; fileEncoding = 4; lastKnownFileType = sourcecode.swift; name = TabBarViewController.swift; path = ViewControllers/TabBarViewController.swift; sourceTree = "<group>"; };
		4C95AF021F0D357E00EA5A8F /* ActionPlanConfiguration.swift */ = {isa = PBXFileReference; fileEncoding = 4; lastKnownFileType = sourcecode.swift; name = ActionPlanConfiguration.swift; path = Configuration/ActionPlanConfiguration.swift; sourceTree = "<group>"; };
		4C9EED901F27A76A00F717CB /* Today.storyboard */ = {isa = PBXFileReference; fileEncoding = 4; lastKnownFileType = file.storyboard; name = Today.storyboard; path = ViewControllers/Today/Today.storyboard; sourceTree = "<group>"; };
		4C9EED921F27A7DC00F717CB /* TodayViewController.swift */ = {isa = PBXFileReference; fileEncoding = 4; lastKnownFileType = sourcecode.swift; name = TodayViewController.swift; path = ViewControllers/Today/TodayViewController.swift; sourceTree = "<group>"; };
		4C9EED941F27BB2C00F717CB /* TimelineTaskTableViewCell.swift */ = {isa = PBXFileReference; fileEncoding = 4; lastKnownFileType = sourcecode.swift; name = TimelineTaskTableViewCell.swift; path = ViewControllers/Today/TimelineTaskTableViewCell.swift; sourceTree = "<group>"; };
		4C9EED971F27C05800F717CB /* UIViewExtensions.swift */ = {isa = PBXFileReference; fileEncoding = 4; lastKnownFileType = sourcecode.swift; name = UIViewExtensions.swift; path = Extensions/UIViewExtensions.swift; sourceTree = "<group>"; };
		4C9EED9A1F27C0E900F717CB /* ActivityIndicatorView.xib */ = {isa = PBXFileReference; fileEncoding = 4; lastKnownFileType = file.xib; name = ActivityIndicatorView.xib; path = Views/ActivityIndicatorView.xib; sourceTree = "<group>"; };
		4C9EED9D1F27C14D00F717CB /* BaseViewController.swift */ = {isa = PBXFileReference; fileEncoding = 4; lastKnownFileType = sourcecode.swift; name = BaseViewController.swift; path = ViewControllers/Base/BaseViewController.swift; sourceTree = "<group>"; };
		4C9EED9F1F27E20F00F717CB /* UIImageViewExtensions.swift */ = {isa = PBXFileReference; fileEncoding = 4; lastKnownFileType = sourcecode.swift; name = UIImageViewExtensions.swift; path = Extensions/UIImageViewExtensions.swift; sourceTree = "<group>"; };
		4CA4B0B11F2FD2AE00B7AD9C /* TaskListViewController.swift */ = {isa = PBXFileReference; fileEncoding = 4; lastKnownFileType = sourcecode.swift; name = TaskListViewController.swift; path = ViewControllers/Today/TaskListViewController.swift; sourceTree = "<group>"; };
		4CA4B0B41F2FD4A300B7AD9C /* TaskListTableViewCell.swift */ = {isa = PBXFileReference; fileEncoding = 4; lastKnownFileType = sourcecode.swift; name = TaskListTableViewCell.swift; path = ViewControllers/Today/TableCells/TaskListTableViewCell.swift; sourceTree = "<group>"; };
		4CA4B0BD1F312CE100B7AD9C /* DefaultButton.swift */ = {isa = PBXFileReference; fileEncoding = 4; lastKnownFileType = sourcecode.swift; name = DefaultButton.swift; path = Views/Controls/DefaultButton.swift; sourceTree = "<group>"; };
		4CA4B0C01F322E0800B7AD9C /* RightBarButtonProtocol.swift */ = {isa = PBXFileReference; fileEncoding = 4; lastKnownFileType = sourcecode.swift; name = RightBarButtonProtocol.swift; path = ViewControllers/Protocols/RightBarButtonProtocol.swift; sourceTree = "<group>"; };
		4CA4B0C31F324B3C00B7AD9C /* ReminderManager.swift */ = {isa = PBXFileReference; fileEncoding = 4; lastKnownFileType = sourcecode.swift; name = ReminderManager.swift; path = Managers/ReminderManager.swift; sourceTree = "<group>"; };
		4CD174871F29013000F1DA60 /* HVConnection.swift */ = {isa = PBXFileReference; fileEncoding = 4; lastKnownFileType = sourcecode.swift; name = HVConnection.swift; path = Configuration/HVConnection.swift; sourceTree = "<group>"; };
		4CD1748A1F29119400F1DA60 /* TrackButton.swift */ = {isa = PBXFileReference; fileEncoding = 4; lastKnownFileType = sourcecode.swift; name = TrackButton.swift; path = Views/Controls/TrackButton.swift; sourceTree = "<group>"; };
		4CD1749C1F29470700F1DA60 /* UIColorExtensions.swift */ = {isa = PBXFileReference; fileEncoding = 4; lastKnownFileType = sourcecode.swift; name = UIColorExtensions.swift; path = Extensions/UIColorExtensions.swift; sourceTree = "<group>"; };
		4CD174AC1F2A643F00F1DA60 /* TimelineTaskCellData.swift */ = {isa = PBXFileReference; fileEncoding = 4; lastKnownFileType = sourcecode.swift; name = TimelineTaskCellData.swift; path = ViewControllers/Today/TimelineTaskCellData.swift; sourceTree = "<group>"; };
		4CD174AE1F2A84F600F1DA60 /* TrackTaskViewController.swift */ = {isa = PBXFileReference; fileEncoding = 4; lastKnownFileType = sourcecode.swift; name = TrackTaskViewController.swift; path = ViewControllers/Today/TrackTaskViewController.swift; sourceTree = "<group>"; };
		4CD45B4F1F544B1800E5246D /* ErrorConstants.swift */ = {isa = PBXFileReference; lastKnownFileType = sourcecode.swift; name = ErrorConstants.swift; path = Constants/ErrorConstants.swift; sourceTree = "<group>"; };
		4CE7C96A1F50AC83006F5C84 /* ReminderManagerDataSource.swift */ = {isa = PBXFileReference; fileEncoding = 4; lastKnownFileType = sourcecode.swift; name = ReminderManagerDataSource.swift; path = Managers/ReminderManagerDataSource.swift; sourceTree = "<group>"; };
		4CE7C96C1F50AD38006F5C84 /* ReminderManagerFactory.swift */ = {isa = PBXFileReference; fileEncoding = 4; lastKnownFileType = sourcecode.swift; name = ReminderManagerFactory.swift; path = Managers/ReminderManagerFactory.swift; sourceTree = "<group>"; };
		4CF08E0C1F38BE26004057AA /* Constants.swift */ = {isa = PBXFileReference; fileEncoding = 4; lastKnownFileType = sourcecode.swift; path = Constants.swift; sourceTree = "<group>"; };
		4CF959081F50715100C87484 /* ReminderHandler.swift */ = {isa = PBXFileReference; fileEncoding = 4; lastKnownFileType = sourcecode.swift; name = ReminderHandler.swift; path = Managers/ReminderHandler.swift; sourceTree = "<group>"; };
		A3CC82098D261899A181DD89 /* Pods-ActionPlanSampleTests.release.xcconfig */ = {isa = PBXFileReference; includeInIndex = 1; lastKnownFileType = text.xcconfig; name = "Pods-ActionPlanSampleTests.release.xcconfig"; path = "Pods/Target Support Files/Pods-ActionPlanSampleTests/Pods-ActionPlanSampleTests.release.xcconfig"; sourceTree = "<group>"; };
		A50B12831F44E4D1009A22C4 /* HealthKitManager.swift */ = {isa = PBXFileReference; fileEncoding = 4; lastKnownFileType = sourcecode.swift; path = HealthKitManager.swift; sourceTree = "<group>"; };
		A50B12841F44E4D1009A22C4 /* PermissionsManager.swift */ = {isa = PBXFileReference; fileEncoding = 4; lastKnownFileType = sourcecode.swift; path = PermissionsManager.swift; sourceTree = "<group>"; };
		A50B12871F44E6D4009A22C4 /* HealthKitConstants.swift */ = {isa = PBXFileReference; fileEncoding = 4; lastKnownFileType = sourcecode.swift; path = HealthKitConstants.swift; sourceTree = "<group>"; };
		A50B12891F45DA51009A22C4 /* HealthStoreProxyProtocol.swift */ = {isa = PBXFileReference; fileEncoding = 4; lastKnownFileType = sourcecode.swift; path = HealthStoreProxyProtocol.swift; sourceTree = "<group>"; };
		A50B128B1F45DB33009A22C4 /* HealthStoreProxy.swift */ = {isa = PBXFileReference; fileEncoding = 4; lastKnownFileType = sourcecode.swift; path = HealthStoreProxy.swift; sourceTree = "<group>"; };
		A50B12931F45DF20009A22C4 /* HealthData.storyboard */ = {isa = PBXFileReference; fileEncoding = 4; lastKnownFileType = file.storyboard; path = HealthData.storyboard; sourceTree = "<group>"; };
		A50B12951F45DFAA009A22C4 /* HealthDataStatusViewController.swift */ = {isa = PBXFileReference; fileEncoding = 4; lastKnownFileType = sourcecode.swift; path = HealthDataStatusViewController.swift; sourceTree = "<group>"; };
		A50B12971F45F16B009A22C4 /* HealthKitQueryObserver.swift */ = {isa = PBXFileReference; fileEncoding = 4; lastKnownFileType = sourcecode.swift; path = HealthKitQueryObserver.swift; sourceTree = "<group>"; };
		A50B129B1F461474009A22C4 /* ActionPlanSample.entitlements */ = {isa = PBXFileReference; lastKnownFileType = text.plist.entitlements; path = ActionPlanSample.entitlements; sourceTree = "<group>"; };
		A50B129C1F461474009A22C4 /* HealthKit.framework */ = {isa = PBXFileReference; lastKnownFileType = wrapper.framework; name = HealthKit.framework; path = System/Library/Frameworks/HealthKit.framework; sourceTree = SDKROOT; };
		A50B12A41F4B45B0009A22C4 /* HealthKitQueryObserverFactory.swift */ = {isa = PBXFileReference; fileEncoding = 4; lastKnownFileType = sourcecode.swift; path = HealthKitQueryObserverFactory.swift; sourceTree = "<group>"; };
		A50B12A71F4B5FA6009A22C4 /* BloodPressureSynchronizer.swift */ = {isa = PBXFileReference; fileEncoding = 4; lastKnownFileType = sourcecode.swift; path = BloodPressureSynchronizer.swift; sourceTree = "<group>"; };
		A50B12A91F4B629F009A22C4 /* HealthKitSampleSynchronizerBase.swift */ = {isa = PBXFileReference; fileEncoding = 4; lastKnownFileType = sourcecode.swift; path = HealthKitSampleSynchronizerBase.swift; sourceTree = "<group>"; };
		A50B12AB1F4B6343009A22C4 /* HealthKitSampleSynchronizerProtocol.swift */ = {isa = PBXFileReference; fileEncoding = 4; lastKnownFileType = sourcecode.swift; path = HealthKitSampleSynchronizerProtocol.swift; sourceTree = "<group>"; };
		A50B12AD1F4C75FF009A22C4 /* HealthKitManagerFactory.swift */ = {isa = PBXFileReference; fileEncoding = 4; lastKnownFileType = sourcecode.swift; path = HealthKitManagerFactory.swift; sourceTree = "<group>"; };
		A50B12AF1F4C79FE009A22C4 /* HealthKitSampleSynchronizerFactory.swift */ = {isa = PBXFileReference; fileEncoding = 4; lastKnownFileType = sourcecode.swift; path = HealthKitSampleSynchronizerFactory.swift; sourceTree = "<group>"; };
		A50B12B11F4CA89B009A22C4 /* BloodGlucoseSynchronizer.swift */ = {isa = PBXFileReference; fileEncoding = 4; lastKnownFileType = sourcecode.swift; path = BloodGlucoseSynchronizer.swift; sourceTree = "<group>"; };
		A50B12B31F4CA91A009A22C4 /* WeightSynchronizer.swift */ = {isa = PBXFileReference; fileEncoding = 4; lastKnownFileType = sourcecode.swift; path = WeightSynchronizer.swift; sourceTree = "<group>"; };
		A511926A1F27A10900585D42 /* RootViewController.xib */ = {isa = PBXFileReference; fileEncoding = 4; lastKnownFileType = file.xib; name = RootViewController.xib; path = ViewControllers/RootViewController.xib; sourceTree = "<group>"; };
		A51B7E0B1F2A67BB00E6C4FA /* MyHabits.storyboard */ = {isa = PBXFileReference; fileEncoding = 4; lastKnownFileType = file.storyboard; path = MyHabits.storyboard; sourceTree = "<group>"; };
		A51B7E0D1F2A684B00E6C4FA /* ManageHabitsViewController.swift */ = {isa = PBXFileReference; fileEncoding = 4; lastKnownFileType = sourcecode.swift; path = ManageHabitsViewController.swift; sourceTree = "<group>"; };
		A51B7E111F2B768200E6C4FA /* ObjectiveDetailViewController.swift */ = {isa = PBXFileReference; fileEncoding = 4; lastKnownFileType = sourcecode.swift; path = ObjectiveDetailViewController.swift; sourceTree = "<group>"; };
		A51B7E131F2B770000E6C4FA /* HabitDetailViewController.swift */ = {isa = PBXFileReference; fileEncoding = 4; lastKnownFileType = sourcecode.swift; path = HabitDetailViewController.swift; sourceTree = "<group>"; };
		A51B7E151F2B771400E6C4FA /* EditHabitViewController.swift */ = {isa = PBXFileReference; fileEncoding = 4; lastKnownFileType = sourcecode.swift; path = EditHabitViewController.swift; sourceTree = "<group>"; };
		A51B7E181F2F70B300E6C4FA /* ManageHabitsObjectiveTableViewCell.swift */ = {isa = PBXFileReference; fileEncoding = 4; lastKnownFileType = sourcecode.swift; path = ManageHabitsObjectiveTableViewCell.swift; sourceTree = "<group>"; };
		A51B7E1A1F2F70EA00E6C4FA /* ManageHabitsTaskTableViewCell.swift */ = {isa = PBXFileReference; fileEncoding = 4; lastKnownFileType = sourcecode.swift; path = ManageHabitsTaskTableViewCell.swift; sourceTree = "<group>"; };
		A51B7E221F321FD700E6C4FA /* AtSpecificTimesCell.swift */ = {isa = PBXFileReference; fileEncoding = 4; lastKnownFileType = sourcecode.swift; path = AtSpecificTimesCell.swift; sourceTree = "<group>"; };
		A51B7E2C1F34CEDB00E6C4FA /* EditTimeViewController.swift */ = {isa = PBXFileReference; fileEncoding = 4; lastKnownFileType = sourcecode.swift; path = EditTimeViewController.swift; sourceTree = "<group>"; };
		A51B7E391F3A67D600E6C4FA /* FrequencyTableViewCell.swift */ = {isa = PBXFileReference; fileEncoding = 4; lastKnownFileType = sourcecode.swift; path = FrequencyTableViewCell.swift; sourceTree = "<group>"; };
		A51B7E3B1F3A6E7700E6C4FA /* EditHabitAccessoryView.swift */ = {isa = PBXFileReference; fileEncoding = 4; lastKnownFileType = sourcecode.swift; name = EditHabitAccessoryView.swift; path = Views/Controls/EditHabitAccessoryView.swift; sourceTree = "<group>"; };
		A51B7E411F3B472400E6C4FA /* PickerTextField.swift */ = {isa = PBXFileReference; fileEncoding = 4; lastKnownFileType = sourcecode.swift; name = PickerTextField.swift; path = Views/Controls/PickerTextField.swift; sourceTree = "<group>"; };
		A51B7E451F3B650700E6C4FA /* TimePickerTableViewCell.swift */ = {isa = PBXFileReference; fileEncoding = 4; lastKnownFileType = sourcecode.swift; path = TimePickerTableViewCell.swift; sourceTree = "<group>"; };
		A51B7E471F3B676500E6C4FA /* ReminderTextField.swift */ = {isa = PBXFileReference; fileEncoding = 4; lastKnownFileType = sourcecode.swift; name = ReminderTextField.swift; path = Views/Controls/ReminderTextField.swift; sourceTree = "<group>"; };
		A51B7E491F3B732200E6C4FA /* ReminderTableViewCell.swift */ = {isa = PBXFileReference; fileEncoding = 4; lastKnownFileType = sourcecode.swift; path = ReminderTableViewCell.swift; sourceTree = "<group>"; };
		A51B7E4B1F3B925900E6C4FA /* PickerTableViewCell.swift */ = {isa = PBXFileReference; fileEncoding = 4; lastKnownFileType = sourcecode.swift; path = PickerTableViewCell.swift; sourceTree = "<group>"; };
		A52116A91F50774A00C9D664 /* HealthKitQueryPredicateDelegate.swift */ = {isa = PBXFileReference; fileEncoding = 4; lastKnownFileType = sourcecode.swift; path = HealthKitQueryPredicateDelegate.swift; sourceTree = "<group>"; };
		A5B685161F54743C0082BD7D /* HealthDataTypeTableViewCell.swift */ = {isa = PBXFileReference; fileEncoding = 4; lastKnownFileType = sourcecode.swift; path = HealthDataTypeTableViewCell.swift; sourceTree = "<group>"; };
		A5B685181F547F2E0082BD7D /* HealthDataTypeSelectionViewController.swift */ = {isa = PBXFileReference; fileEncoding = 4; lastKnownFileType = sourcecode.swift; path = HealthDataTypeSelectionViewController.swift; sourceTree = "<group>"; };
		A5B6851B1F54819F0082BD7D /* ObserverNameMap.swift */ = {isa = PBXFileReference; fileEncoding = 4; lastKnownFileType = sourcecode.swift; path = ObserverNameMap.swift; sourceTree = "<group>"; };
		A5B6851D1F54BD540082BD7D /* HealthDataManagementViewController.swift */ = {isa = PBXFileReference; fileEncoding = 4; lastKnownFileType = sourcecode.swift; path = HealthDataManagementViewController.swift; sourceTree = "<group>"; };
		A5B6851F1F55C2160082BD7D /* HealthDataSourceTableViewCell.swift */ = {isa = PBXFileReference; fileEncoding = 4; lastKnownFileType = sourcecode.swift; path = HealthDataSourceTableViewCell.swift; sourceTree = "<group>"; };
		A5C8AF821F4DC606007A59AE /* RootViewController.swift */ = {isa = PBXFileReference; fileEncoding = 4; lastKnownFileType = sourcecode.swift; name = RootViewController.swift; path = ViewControllers/RootViewController.swift; sourceTree = "<group>"; };
		A5C8AF841F4DC628007A59AE /* UserDefaultsProxy.swift */ = {isa = PBXFileReference; fileEncoding = 4; lastKnownFileType = sourcecode.swift; name = UserDefaultsProxy.swift; path = Managers/UserDefaultsProxy.swift; sourceTree = "<group>"; };
		A5C8AF851F4DC628007A59AE /* UserDefaultsProxyProtocol.swift */ = {isa = PBXFileReference; fileEncoding = 4; lastKnownFileType = sourcecode.swift; name = UserDefaultsProxyProtocol.swift; path = Managers/UserDefaultsProxyProtocol.swift; sourceTree = "<group>"; };
		A5C8AF8A1F4DC686007A59AE /* EditHabitAccessoryView.xib */ = {isa = PBXFileReference; fileEncoding = 4; lastKnownFileType = file.xib; name = EditHabitAccessoryView.xib; path = Views/Controls/EditHabitAccessoryView.xib; sourceTree = "<group>"; };
		A5C8AF8C1F4DC6DC007A59AE /* FrequencyTextField.swift */ = {isa = PBXFileReference; fileEncoding = 4; lastKnownFileType = sourcecode.swift; name = FrequencyTextField.swift; path = Views/Controls/FrequencyTextField.swift; sourceTree = "<group>"; };
		B352346F6FBA3997E448ACB0 /* Pods-ActionPlanSample.release.xcconfig */ = {isa = PBXFileReference; includeInIndex = 1; lastKnownFileType = text.xcconfig; name = "Pods-ActionPlanSample.release.xcconfig"; path = "Pods/Target Support Files/Pods-ActionPlanSample/Pods-ActionPlanSample.release.xcconfig"; sourceTree = "<group>"; };
		C209EBCEE1840F51455A9D5B /* Pods_ActionPlanSampleTests.framework */ = {isa = PBXFileReference; explicitFileType = wrapper.framework; includeInIndex = 0; path = Pods_ActionPlanSampleTests.framework; sourceTree = BUILT_PRODUCTS_DIR; };
/* End PBXFileReference section */

/* Begin PBXFrameworksBuildPhase section */
		4C95AEC81F0D318100EA5A8F /* Frameworks */ = {
			isa = PBXFrameworksBuildPhase;
			buildActionMask = 2147483647;
			files = (
				56EB38871C33D8F3F5D8EC3E /* Pods_ActionPlanSample.framework in Frameworks */,
				A50B129D1F461474009A22C4 /* HealthKit.framework in Frameworks */,
			);
			runOnlyForDeploymentPostprocessing = 0;
		};
		4C95AEDE1F0D318100EA5A8F /* Frameworks */ = {
			isa = PBXFrameworksBuildPhase;
			buildActionMask = 2147483647;
			files = (
				EF9CA7B5431D9D468904DE6D /* Pods_ActionPlanSampleTests.framework in Frameworks */,
			);
			runOnlyForDeploymentPostprocessing = 0;
		};
		4C95AEE91F0D318100EA5A8F /* Frameworks */ = {
			isa = PBXFrameworksBuildPhase;
			buildActionMask = 2147483647;
			files = (
			);
			runOnlyForDeploymentPostprocessing = 0;
		};
/* End PBXFrameworksBuildPhase section */

/* Begin PBXGroup section */
		36BF77EB5AAE365F56257E10 /* Frameworks */ = {
			isa = PBXGroup;
			children = (
				A50B129C1F461474009A22C4 /* HealthKit.framework */,
				402C668C709C1C46A09A8EB8 /* Pods_ActionPlanSample.framework */,
				C209EBCEE1840F51455A9D5B /* Pods_ActionPlanSampleTests.framework */,
			);
			name = Frameworks;
			sourceTree = "<group>";
		};
		4C95AEC21F0D318100EA5A8F = {
			isa = PBXGroup;
			children = (
				4C95AECD1F0D318100EA5A8F /* ActionPlanSample */,
				4C95AEE41F0D318100EA5A8F /* ActionPlanSampleTests */,
				4C95AEEF1F0D318100EA5A8F /* ActionPlanSampleUITests */,
				4C95AECC1F0D318100EA5A8F /* Products */,
				92F4D8713345A38A434FA0A4 /* Pods */,
				36BF77EB5AAE365F56257E10 /* Frameworks */,
			);
			sourceTree = "<group>";
		};
		4C95AECC1F0D318100EA5A8F /* Products */ = {
			isa = PBXGroup;
			children = (
				4C95AECB1F0D318100EA5A8F /* ActionPlanSample.app */,
				4C95AEE11F0D318100EA5A8F /* ActionPlanSampleTests.xctest */,
				4C95AEEC1F0D318100EA5A8F /* ActionPlanSampleUITests.xctest */,
			);
			name = Products;
			sourceTree = "<group>";
		};
		4C95AECD1F0D318100EA5A8F /* ActionPlanSample */ = {
			isa = PBXGroup;
			children = (
				A50B129B1F461474009A22C4 /* ActionPlanSample.entitlements */,
				4C95AECE1F0D318100EA5A8F /* AppDelegate.swift */,
				4C95AED71F0D318100EA5A8F /* Assets.xcassets */,
				4C95AF011F0D354F00EA5A8F /* Configuration */,
				4CD45B4E1F544AE300E5246D /* Constants */,
				4C9EED961F27C01100F717CB /* Extensions */,
				4C95AEDC1F0D318100EA5A8F /* Info.plist */,
				4C95AED91F0D318100EA5A8F /* LaunchScreen.storyboard */,
				4CA4B0C21F324B1500B7AD9C /* Managers */,
				4C95AEFE1F0D33D600EA5A8F /* ViewControllers */,
				4C9EED991F27C09700F717CB /* Views */,
			);
			path = ActionPlanSample;
			sourceTree = "<group>";
		};
		4C95AEE41F0D318100EA5A8F /* ActionPlanSampleTests */ = {
			isa = PBXGroup;
			children = (
				4C95AEE51F0D318100EA5A8F /* ActionPlanSampleTests.swift */,
				4C95AEE71F0D318100EA5A8F /* Info.plist */,
			);
			path = ActionPlanSampleTests;
			sourceTree = "<group>";
		};
		4C95AEEF1F0D318100EA5A8F /* ActionPlanSampleUITests */ = {
			isa = PBXGroup;
			children = (
				4C95AEF01F0D318100EA5A8F /* ActionPlanSampleUITests.swift */,
				4C95AEF21F0D318100EA5A8F /* Info.plist */,
			);
			path = ActionPlanSampleUITests;
			sourceTree = "<group>";
		};
		4C95AEFE1F0D33D600EA5A8F /* ViewControllers */ = {
			isa = PBXGroup;
			children = (
				4C9EED9C1F27C13200F717CB /* Base */,
				A50B12921F45DF1F009A22C4 /* HealthData */,
				A51B7E0A1F2A67A500E6C4FA /* MyHabits */,
				4CA4B0BF1F322DED00B7AD9C /* Protocols */,
				A5C8AF821F4DC606007A59AE /* RootViewController.swift */,
				A511926A1F27A10900585D42 /* RootViewController.xib */,
				4C95AEFF1F0D34DE00EA5A8F /* TabBarViewController.swift */,
				4C9EED8F1F27A71600F717CB /* Today */,
			);
			name = ViewControllers;
			sourceTree = "<group>";
		};
		4C95AF011F0D354F00EA5A8F /* Configuration */ = {
			isa = PBXGroup;
			children = (
				4C95AF021F0D357E00EA5A8F /* ActionPlanConfiguration.swift */,
				4CD174871F29013000F1DA60 /* HVConnection.swift */,
			);
			name = Configuration;
			sourceTree = "<group>";
		};
		4C9EED8F1F27A71600F717CB /* Today */ = {
			isa = PBXGroup;
			children = (
				4CA4B0B31F2FD46A00B7AD9C /* TableCells */,
				4C9EED901F27A76A00F717CB /* Today.storyboard */,
				4C9EED921F27A7DC00F717CB /* TodayViewController.swift */,
				4CD174AE1F2A84F600F1DA60 /* TrackTaskViewController.swift */,
				4CA4B0B11F2FD2AE00B7AD9C /* TaskListViewController.swift */,
			);
			name = Today;
			sourceTree = "<group>";
		};
		4C9EED961F27C01100F717CB /* Extensions */ = {
			isa = PBXGroup;
			children = (
				4CD1749C1F29470700F1DA60 /* UIColorExtensions.swift */,
				4C9EED9F1F27E20F00F717CB /* UIImageViewExtensions.swift */,
				4C9EED971F27C05800F717CB /* UIViewExtensions.swift */,
			);
			name = Extensions;
			sourceTree = "<group>";
		};
		4C9EED991F27C09700F717CB /* Views */ = {
			isa = PBXGroup;
			children = (
				4CD174891F29116E00F1DA60 /* Controls */,
				A51B7E4D1F3BBDE400E6C4FA /* TableCells */,
				4C9EED9A1F27C0E900F717CB /* ActivityIndicatorView.xib */,
			);
			name = Views;
			sourceTree = "<group>";
		};
		4C9EED9C1F27C13200F717CB /* Base */ = {
			isa = PBXGroup;
			children = (
				4C9EED9D1F27C14D00F717CB /* BaseViewController.swift */,
			);
			name = Base;
			sourceTree = "<group>";
		};
		4CA4B0B31F2FD46A00B7AD9C /* TableCells */ = {
			isa = PBXGroup;
			children = (
				4C9EED941F27BB2C00F717CB /* TimelineTaskTableViewCell.swift */,
				4CD174AC1F2A643F00F1DA60 /* TimelineTaskCellData.swift */,
				4CA4B0B41F2FD4A300B7AD9C /* TaskListTableViewCell.swift */,
			);
			name = TableCells;
			sourceTree = "<group>";
		};
		4CA4B0BF1F322DED00B7AD9C /* Protocols */ = {
			isa = PBXGroup;
			children = (
				4CA4B0C01F322E0800B7AD9C /* RightBarButtonProtocol.swift */,
			);
			name = Protocols;
			sourceTree = "<group>";
		};
		4CA4B0C21F324B1500B7AD9C /* Managers */ = {
			isa = PBXGroup;
			children = (
				A50B12821F44E4D1009A22C4 /* HealthKit */,
				4CF959081F50715100C87484 /* ReminderHandler.swift */,
				4CA4B0C31F324B3C00B7AD9C /* ReminderManager.swift */,
				4CE7C96C1F50AD38006F5C84 /* ReminderManagerFactory.swift */,
				4CE7C96A1F50AC83006F5C84 /* ReminderManagerDataSource.swift */,
				A5C8AF841F4DC628007A59AE /* UserDefaultsProxy.swift */,
				A5C8AF851F4DC628007A59AE /* UserDefaultsProxyProtocol.swift */,
			);
			name = Managers;
			sourceTree = "<group>";
		};
		4CD174891F29116E00F1DA60 /* Controls */ = {
			isa = PBXGroup;
			children = (
				4CD1748A1F29119400F1DA60 /* TrackButton.swift */,
				4CA4B0BD1F312CE100B7AD9C /* DefaultButton.swift */,
				A51B7E3B1F3A6E7700E6C4FA /* EditHabitAccessoryView.swift */,
				A5C8AF8A1F4DC686007A59AE /* EditHabitAccessoryView.xib */,
				A5C8AF8C1F4DC6DC007A59AE /* FrequencyTextField.swift */,
				A51B7E411F3B472400E6C4FA /* PickerTextField.swift */,
				A51B7E471F3B676500E6C4FA /* ReminderTextField.swift */,
				4C2C30E51F3CADCE0043F728 /* PlainButton.swift */,
			);
			name = Controls;
			sourceTree = "<group>";
		};
		4CD45B4E1F544AE300E5246D /* Constants */ = {
			isa = PBXGroup;
			children = (
				4CF08E0C1F38BE26004057AA /* Constants.swift */,
				4CD45B4F1F544B1800E5246D /* ErrorConstants.swift */,
			);
			name = Constants;
			sourceTree = "<group>";
		};
		92F4D8713345A38A434FA0A4 /* Pods */ = {
			isa = PBXGroup;
			children = (
				0B94E21A1BDCAF7FE3E968BB /* Pods-ActionPlanSample.debug.xcconfig */,
				B352346F6FBA3997E448ACB0 /* Pods-ActionPlanSample.release.xcconfig */,
				1D5FAA176F1C5A120E2C596E /* Pods-ActionPlanSampleTests.debug.xcconfig */,
				A3CC82098D261899A181DD89 /* Pods-ActionPlanSampleTests.release.xcconfig */,
			);
			name = Pods;
			sourceTree = "<group>";
		};
		A50B12821F44E4D1009A22C4 /* HealthKit */ = {
			isa = PBXGroup;
			children = (
				A50B12871F44E6D4009A22C4 /* HealthKitConstants.swift */,
				A50B12831F44E4D1009A22C4 /* HealthKitManager.swift */,
				A50B12AD1F4C75FF009A22C4 /* HealthKitManagerFactory.swift */,
				A50B12971F45F16B009A22C4 /* HealthKitQueryObserver.swift */,
				A50B12A41F4B45B0009A22C4 /* HealthKitQueryObserverFactory.swift */,
				A52116A91F50774A00C9D664 /* HealthKitQueryPredicateDelegate.swift */,
				A50B128B1F45DB33009A22C4 /* HealthStoreProxy.swift */,
				A50B12891F45DA51009A22C4 /* HealthStoreProxyProtocol.swift */,
				A50B12841F44E4D1009A22C4 /* PermissionsManager.swift */,
				A50B12A61F4B5F7F009A22C4 /* Synchronizers */,
			);
			name = HealthKit;
			path = Managers/HealthKit;
			sourceTree = "<group>";
		};
		A50B12921F45DF1F009A22C4 /* HealthData */ = {
			isa = PBXGroup;
			children = (
				A50B12931F45DF20009A22C4 /* HealthData.storyboard */,
				A5B6851D1F54BD540082BD7D /* HealthDataManagementViewController.swift */,
				A50B12951F45DFAA009A22C4 /* HealthDataStatusViewController.swift */,
				A5B685181F547F2E0082BD7D /* HealthDataTypeSelectionViewController.swift */,
				A5B6851A1F54814E0082BD7D /* Helpers */,
				A5B685151F5474170082BD7D /* TableCells */,
			);
			name = HealthData;
			path = ViewControllers/HealthData;
			sourceTree = "<group>";
		};
		A50B12A61F4B5F7F009A22C4 /* Synchronizers */ = {
			isa = PBXGroup;
			children = (
				A50B12B11F4CA89B009A22C4 /* BloodGlucoseSynchronizer.swift */,
				A50B12A71F4B5FA6009A22C4 /* BloodPressureSynchronizer.swift */,
				A50B12A91F4B629F009A22C4 /* HealthKitSampleSynchronizerBase.swift */,
				A50B12AF1F4C79FE009A22C4 /* HealthKitSampleSynchronizerFactory.swift */,
				A50B12AB1F4B6343009A22C4 /* HealthKitSampleSynchronizerProtocol.swift */,
				A50B12B31F4CA91A009A22C4 /* WeightSynchronizer.swift */,
			);
			path = Synchronizers;
			sourceTree = "<group>";
		};
		A51B7E0A1F2A67A500E6C4FA /* MyHabits */ = {
			isa = PBXGroup;
			children = (
				A51B7E0B1F2A67BB00E6C4FA /* MyHabits.storyboard */,
				A51B7E151F2B771400E6C4FA /* EditHabitViewController.swift */,
				A51B7E2C1F34CEDB00E6C4FA /* EditTimeViewController.swift */,
				A51B7E131F2B770000E6C4FA /* HabitDetailViewController.swift */,
				A51B7E0D1F2A684B00E6C4FA /* ManageHabitsViewController.swift */,
				A51B7E111F2B768200E6C4FA /* ObjectiveDetailViewController.swift */,
				A51B7E171F2F708800E6C4FA /* TableCells */,
			);
			name = MyHabits;
			path = ViewControllers/MyHabits;
			sourceTree = "<group>";
		};
		A51B7E171F2F708800E6C4FA /* TableCells */ = {
			isa = PBXGroup;
			children = (
				A51B7E221F321FD700E6C4FA /* AtSpecificTimesCell.swift */,
				A51B7E391F3A67D600E6C4FA /* FrequencyTableViewCell.swift */,
				A51B7E181F2F70B300E6C4FA /* ManageHabitsObjectiveTableViewCell.swift */,
				A51B7E1A1F2F70EA00E6C4FA /* ManageHabitsTaskTableViewCell.swift */,
				A51B7E451F3B650700E6C4FA /* TimePickerTableViewCell.swift */,
				A51B7E491F3B732200E6C4FA /* ReminderTableViewCell.swift */,
				A51B7E4B1F3B925900E6C4FA /* PickerTableViewCell.swift */,
			);
			path = TableCells;
			sourceTree = "<group>";
		};
		A51B7E4D1F3BBDE400E6C4FA /* TableCells */ = {
			isa = PBXGroup;
			children = (
			);
			name = TableCells;
			path = Views/TableCells;
			sourceTree = "<group>";
		};
		A5B685151F5474170082BD7D /* TableCells */ = {
			isa = PBXGroup;
			children = (
				A5B685161F54743C0082BD7D /* HealthDataTypeTableViewCell.swift */,
				A5B6851F1F55C2160082BD7D /* HealthDataSourceTableViewCell.swift */,
			);
			path = TableCells;
			sourceTree = "<group>";
		};
		A5B6851A1F54814E0082BD7D /* Helpers */ = {
			isa = PBXGroup;
			children = (
				A5B6851B1F54819F0082BD7D /* ObserverNameMap.swift */,
			);
			path = Helpers;
			sourceTree = "<group>";
		};
/* End PBXGroup section */

/* Begin PBXNativeTarget section */
		4C95AECA1F0D318100EA5A8F /* ActionPlanSample */ = {
			isa = PBXNativeTarget;
			buildConfigurationList = 4C95AEF51F0D318100EA5A8F /* Build configuration list for PBXNativeTarget "ActionPlanSample" */;
			buildPhases = (
				A8715BDBA9510F01CF74AC42 /* [CP] Check Pods Manifest.lock */,
				4C95AEC71F0D318100EA5A8F /* Sources */,
				4C95AEC81F0D318100EA5A8F /* Frameworks */,
				4C95AEC91F0D318100EA5A8F /* Resources */,
				16EA12B0192C22E6990494C1 /* [CP] Embed Pods Frameworks */,
				B3FB35F7697BB071F2B99A34 /* [CP] Copy Pods Resources */,
			);
			buildRules = (
			);
			dependencies = (
			);
			name = ActionPlanSample;
			productName = ActionPlanSample;
			productReference = 4C95AECB1F0D318100EA5A8F /* ActionPlanSample.app */;
			productType = "com.apple.product-type.application";
		};
		4C95AEE01F0D318100EA5A8F /* ActionPlanSampleTests */ = {
			isa = PBXNativeTarget;
			buildConfigurationList = 4C95AEF81F0D318100EA5A8F /* Build configuration list for PBXNativeTarget "ActionPlanSampleTests" */;
			buildPhases = (
				CB708C76EE08322857BA60A9 /* [CP] Check Pods Manifest.lock */,
				4C95AEDD1F0D318100EA5A8F /* Sources */,
				4C95AEDE1F0D318100EA5A8F /* Frameworks */,
				4C95AEDF1F0D318100EA5A8F /* Resources */,
				ED03159A227556D87034B9CC /* [CP] Embed Pods Frameworks */,
				6BEC10B0817DF41746D8F09E /* [CP] Copy Pods Resources */,
			);
			buildRules = (
			);
			dependencies = (
				4C95AEE31F0D318100EA5A8F /* PBXTargetDependency */,
			);
			name = ActionPlanSampleTests;
			productName = ActionPlanSampleTests;
			productReference = 4C95AEE11F0D318100EA5A8F /* ActionPlanSampleTests.xctest */;
			productType = "com.apple.product-type.bundle.unit-test";
		};
		4C95AEEB1F0D318100EA5A8F /* ActionPlanSampleUITests */ = {
			isa = PBXNativeTarget;
			buildConfigurationList = 4C95AEFB1F0D318100EA5A8F /* Build configuration list for PBXNativeTarget "ActionPlanSampleUITests" */;
			buildPhases = (
				4C95AEE81F0D318100EA5A8F /* Sources */,
				4C95AEE91F0D318100EA5A8F /* Frameworks */,
				4C95AEEA1F0D318100EA5A8F /* Resources */,
			);
			buildRules = (
			);
			dependencies = (
				4C95AEEE1F0D318100EA5A8F /* PBXTargetDependency */,
			);
			name = ActionPlanSampleUITests;
			productName = ActionPlanSampleUITests;
			productReference = 4C95AEEC1F0D318100EA5A8F /* ActionPlanSampleUITests.xctest */;
			productType = "com.apple.product-type.bundle.ui-testing";
		};
/* End PBXNativeTarget section */

/* Begin PBXProject section */
		4C95AEC31F0D318100EA5A8F /* Project object */ = {
			isa = PBXProject;
			attributes = {
				LastSwiftUpdateCheck = 0830;
				LastUpgradeCheck = 0830;
				ORGANIZATIONNAME = Microsoft;
				TargetAttributes = {
					4C95AECA1F0D318100EA5A8F = {
						CreatedOnToolsVersion = 8.3;
						DevelopmentTeam = UBF8T346G9;
						ProvisioningStyle = Automatic;
						SystemCapabilities = {
							com.apple.BackgroundModes = {
								enabled = 0;
							};
							com.apple.HealthKit = {
								enabled = 1;
							};
						};
					};
					4C95AEE01F0D318100EA5A8F = {
						CreatedOnToolsVersion = 8.3;
						DevelopmentTeam = UBF8T346G9;
						ProvisioningStyle = Automatic;
						TestTargetID = 4C95AECA1F0D318100EA5A8F;
					};
					4C95AEEB1F0D318100EA5A8F = {
						CreatedOnToolsVersion = 8.3;
						DevelopmentTeam = UBF8T346G9;
						ProvisioningStyle = Automatic;
						TestTargetID = 4C95AECA1F0D318100EA5A8F;
					};
				};
			};
			buildConfigurationList = 4C95AEC61F0D318100EA5A8F /* Build configuration list for PBXProject "ActionPlanSample" */;
			compatibilityVersion = "Xcode 3.2";
			developmentRegion = English;
			hasScannedForEncodings = 0;
			knownRegions = (
				en,
				Base,
			);
			mainGroup = 4C95AEC21F0D318100EA5A8F;
			productRefGroup = 4C95AECC1F0D318100EA5A8F /* Products */;
			projectDirPath = "";
			projectRoot = "";
			targets = (
				4C95AECA1F0D318100EA5A8F /* ActionPlanSample */,
				4C95AEE01F0D318100EA5A8F /* ActionPlanSampleTests */,
				4C95AEEB1F0D318100EA5A8F /* ActionPlanSampleUITests */,
			);
		};
/* End PBXProject section */

/* Begin PBXResourcesBuildPhase section */
		4C95AEC91F0D318100EA5A8F /* Resources */ = {
			isa = PBXResourcesBuildPhase;
			buildActionMask = 2147483647;
			files = (
				A5C8AF8B1F4DC686007A59AE /* EditHabitAccessoryView.xib in Resources */,
				4C9EED911F27A76A00F717CB /* Today.storyboard in Resources */,
				4C95AEDB1F0D318100EA5A8F /* LaunchScreen.storyboard in Resources */,
				4C95AED81F0D318100EA5A8F /* Assets.xcassets in Resources */,
				A51B7E0C1F2A67BB00E6C4FA /* MyHabits.storyboard in Resources */,
				A50B12941F45DF20009A22C4 /* HealthData.storyboard in Resources */,
				A511926B1F27A10900585D42 /* RootViewController.xib in Resources */,
				4C9EED9B1F27C0E900F717CB /* ActivityIndicatorView.xib in Resources */,
			);
			runOnlyForDeploymentPostprocessing = 0;
		};
		4C95AEDF1F0D318100EA5A8F /* Resources */ = {
			isa = PBXResourcesBuildPhase;
			buildActionMask = 2147483647;
			files = (
			);
			runOnlyForDeploymentPostprocessing = 0;
		};
		4C95AEEA1F0D318100EA5A8F /* Resources */ = {
			isa = PBXResourcesBuildPhase;
			buildActionMask = 2147483647;
			files = (
			);
			runOnlyForDeploymentPostprocessing = 0;
		};
/* End PBXResourcesBuildPhase section */

/* Begin PBXShellScriptBuildPhase section */
		16EA12B0192C22E6990494C1 /* [CP] Embed Pods Frameworks */ = {
			isa = PBXShellScriptBuildPhase;
			buildActionMask = 2147483647;
			files = (
			);
			inputPaths = (
			);
			name = "[CP] Embed Pods Frameworks";
			outputPaths = (
			);
			runOnlyForDeploymentPostprocessing = 0;
			shellPath = /bin/sh;
			shellScript = "\"${SRCROOT}/Pods/Target Support Files/Pods-ActionPlanSample/Pods-ActionPlanSample-frameworks.sh\"\n";
			showEnvVarsInLog = 0;
		};
		6BEC10B0817DF41746D8F09E /* [CP] Copy Pods Resources */ = {
			isa = PBXShellScriptBuildPhase;
			buildActionMask = 2147483647;
			files = (
			);
			inputPaths = (
			);
			name = "[CP] Copy Pods Resources";
			outputPaths = (
			);
			runOnlyForDeploymentPostprocessing = 0;
			shellPath = /bin/sh;
			shellScript = "\"${SRCROOT}/Pods/Target Support Files/Pods-ActionPlanSampleTests/Pods-ActionPlanSampleTests-resources.sh\"\n";
			showEnvVarsInLog = 0;
		};
		A8715BDBA9510F01CF74AC42 /* [CP] Check Pods Manifest.lock */ = {
			isa = PBXShellScriptBuildPhase;
			buildActionMask = 2147483647;
			files = (
			);
			inputPaths = (
			);
			name = "[CP] Check Pods Manifest.lock";
			outputPaths = (
			);
			runOnlyForDeploymentPostprocessing = 0;
			shellPath = /bin/sh;
			shellScript = "diff \"${PODS_PODFILE_DIR_PATH}/Podfile.lock\" \"${PODS_ROOT}/Manifest.lock\" > /dev/null\nif [ $? != 0 ] ; then\n    # print error to STDERR\n    echo \"error: The sandbox is not in sync with the Podfile.lock. Run 'pod install' or update your CocoaPods installation.\" >&2\n    exit 1\nfi\n";
			showEnvVarsInLog = 0;
		};
		B3FB35F7697BB071F2B99A34 /* [CP] Copy Pods Resources */ = {
			isa = PBXShellScriptBuildPhase;
			buildActionMask = 2147483647;
			files = (
			);
			inputPaths = (
			);
			name = "[CP] Copy Pods Resources";
			outputPaths = (
			);
			runOnlyForDeploymentPostprocessing = 0;
			shellPath = /bin/sh;
			shellScript = "\"${SRCROOT}/Pods/Target Support Files/Pods-ActionPlanSample/Pods-ActionPlanSample-resources.sh\"\n";
			showEnvVarsInLog = 0;
		};
		CB708C76EE08322857BA60A9 /* [CP] Check Pods Manifest.lock */ = {
			isa = PBXShellScriptBuildPhase;
			buildActionMask = 2147483647;
			files = (
			);
			inputPaths = (
			);
			name = "[CP] Check Pods Manifest.lock";
			outputPaths = (
			);
			runOnlyForDeploymentPostprocessing = 0;
			shellPath = /bin/sh;
			shellScript = "diff \"${PODS_PODFILE_DIR_PATH}/Podfile.lock\" \"${PODS_ROOT}/Manifest.lock\" > /dev/null\nif [ $? != 0 ] ; then\n    # print error to STDERR\n    echo \"error: The sandbox is not in sync with the Podfile.lock. Run 'pod install' or update your CocoaPods installation.\" >&2\n    exit 1\nfi\n";
			showEnvVarsInLog = 0;
		};
		ED03159A227556D87034B9CC /* [CP] Embed Pods Frameworks */ = {
			isa = PBXShellScriptBuildPhase;
			buildActionMask = 2147483647;
			files = (
			);
			inputPaths = (
			);
			name = "[CP] Embed Pods Frameworks";
			outputPaths = (
			);
			runOnlyForDeploymentPostprocessing = 0;
			shellPath = /bin/sh;
			shellScript = "\"${SRCROOT}/Pods/Target Support Files/Pods-ActionPlanSampleTests/Pods-ActionPlanSampleTests-frameworks.sh\"\n";
			showEnvVarsInLog = 0;
		};
/* End PBXShellScriptBuildPhase section */

/* Begin PBXSourcesBuildPhase section */
		4C95AEC71F0D318100EA5A8F /* Sources */ = {
			isa = PBXSourcesBuildPhase;
			buildActionMask = 2147483647;
			files = (
				4CE7C96D1F50AD38006F5C84 /* ReminderManagerFactory.swift in Sources */,
				4C2C30E61F3CADCE0043F728 /* PlainButton.swift in Sources */,
				4CA4B0C11F322E0800B7AD9C /* RightBarButtonProtocol.swift in Sources */,
				A50B12A51F4B45B0009A22C4 /* HealthKitQueryObserverFactory.swift in Sources */,
				4C9EED951F27BB2C00F717CB /* TimelineTaskTableViewCell.swift in Sources */,
				A5B6851C1F54819F0082BD7D /* ObserverNameMap.swift in Sources */,
				4CA4B0B21F2FD2AE00B7AD9C /* TaskListViewController.swift in Sources */,
				A52116AA1F50774A00C9D664 /* HealthKitQueryPredicateDelegate.swift in Sources */,
				A5B6851E1F54BD540082BD7D /* HealthDataManagementViewController.swift in Sources */,
				A51B7E2D1F34CEDB00E6C4FA /* EditTimeViewController.swift in Sources */,
				A51B7E161F2B771400E6C4FA /* EditHabitViewController.swift in Sources */,
				4CD174881F29013000F1DA60 /* HVConnection.swift in Sources */,
				A5B685191F547F2E0082BD7D /* HealthDataTypeSelectionViewController.swift in Sources */,
				4CD45B501F544B1800E5246D /* ErrorConstants.swift in Sources */,
				A51B7E461F3B650700E6C4FA /* TimePickerTableViewCell.swift in Sources */,
				4C9EED931F27A7DC00F717CB /* TodayViewController.swift in Sources */,
				A5C8AF861F4DC628007A59AE /* UserDefaultsProxy.swift in Sources */,
				4CD174AF1F2A84F600F1DA60 /* TrackTaskViewController.swift in Sources */,
				A5B685201F55C2160082BD7D /* HealthDataSourceTableViewCell.swift in Sources */,
				4CF959091F50715100C87484 /* ReminderHandler.swift in Sources */,
				A51B7E4A1F3B732200E6C4FA /* ReminderTableViewCell.swift in Sources */,
				A51B7E231F321FD700E6C4FA /* AtSpecificTimesCell.swift in Sources */,
				4C9EEDA01F27E20F00F717CB /* UIImageViewExtensions.swift in Sources */,
				4C95AF001F0D34DE00EA5A8F /* TabBarViewController.swift in Sources */,
				A50B12AC1F4B6343009A22C4 /* HealthKitSampleSynchronizerProtocol.swift in Sources */,
				A51B7E4C1F3B925900E6C4FA /* PickerTableViewCell.swift in Sources */,
				A51B7E421F3B472400E6C4FA /* PickerTextField.swift in Sources */,
				A50B12961F45DFAA009A22C4 /* HealthDataStatusViewController.swift in Sources */,
				A50B12B01F4C79FE009A22C4 /* HealthKitSampleSynchronizerFactory.swift in Sources */,
				A50B12981F45F16B009A22C4 /* HealthKitQueryObserver.swift in Sources */,
				A51B7E0E1F2A684B00E6C4FA /* ManageHabitsViewController.swift in Sources */,
				A50B12A81F4B5FA6009A22C4 /* BloodPressureSynchronizer.swift in Sources */,
				4C95AF031F0D357E00EA5A8F /* ActionPlanConfiguration.swift in Sources */,
				A51B7E1B1F2F70EA00E6C4FA /* ManageHabitsTaskTableViewCell.swift in Sources */,
				A51B7E121F2B768200E6C4FA /* ObjectiveDetailViewController.swift in Sources */,
				A5B685171F54743C0082BD7D /* HealthDataTypeTableViewCell.swift in Sources */,
				A51B7E141F2B770000E6C4FA /* HabitDetailViewController.swift in Sources */,
				A50B12851F44E4D1009A22C4 /* HealthKitManager.swift in Sources */,
				A51B7E3C1F3A6E7700E6C4FA /* EditHabitAccessoryView.swift in Sources */,
				A5C8AF831F4DC606007A59AE /* RootViewController.swift in Sources */,
				4CD1749D1F29470700F1DA60 /* UIColorExtensions.swift in Sources */,
				4CA4B0C41F324B3C00B7AD9C /* ReminderManager.swift in Sources */,
				A51B7E481F3B676500E6C4FA /* ReminderTextField.swift in Sources */,
				A50B12B21F4CA89B009A22C4 /* BloodGlucoseSynchronizer.swift in Sources */,
				4C9EED981F27C05800F717CB /* UIViewExtensions.swift in Sources */,
				A50B12B41F4CA91A009A22C4 /* WeightSynchronizer.swift in Sources */,
				4CE7C96B1F50AC83006F5C84 /* ReminderManagerDataSource.swift in Sources */,
				A50B12AE1F4C75FF009A22C4 /* HealthKitManagerFactory.swift in Sources */,
				A5C8AF8D1F4DC6DC007A59AE /* FrequencyTextField.swift in Sources */,
				A50B128C1F45DB33009A22C4 /* HealthStoreProxy.swift in Sources */,
				A51B7E191F2F70B300E6C4FA /* ManageHabitsObjectiveTableViewCell.swift in Sources */,
				A50B12881F44E6D4009A22C4 /* HealthKitConstants.swift in Sources */,
				4C9EED9E1F27C14D00F717CB /* BaseViewController.swift in Sources */,
				4CA4B0BE1F312CE100B7AD9C /* DefaultButton.swift in Sources */,
				A50B12861F44E4D1009A22C4 /* PermissionsManager.swift in Sources */,
				A5C8AF871F4DC628007A59AE /* UserDefaultsProxyProtocol.swift in Sources */,
				4C95AECF1F0D318100EA5A8F /* AppDelegate.swift in Sources */,
				A51B7E3A1F3A67D600E6C4FA /* FrequencyTableViewCell.swift in Sources */,
				4CD174AD1F2A643F00F1DA60 /* TimelineTaskCellData.swift in Sources */,
				4CD1748B1F29119400F1DA60 /* TrackButton.swift in Sources */,
				A50B128A1F45DA51009A22C4 /* HealthStoreProxyProtocol.swift in Sources */,
				4CA4B0B51F2FD4A300B7AD9C /* TaskListTableViewCell.swift in Sources */,
				4CF08E0D1F38BE26004057AA /* Constants.swift in Sources */,
				A50B12AA1F4B629F009A22C4 /* HealthKitSampleSynchronizerBase.swift in Sources */,
			);
			runOnlyForDeploymentPostprocessing = 0;
		};
		4C95AEDD1F0D318100EA5A8F /* Sources */ = {
			isa = PBXSourcesBuildPhase;
			buildActionMask = 2147483647;
			files = (
				4C95AEE61F0D318100EA5A8F /* ActionPlanSampleTests.swift in Sources */,
			);
			runOnlyForDeploymentPostprocessing = 0;
		};
		4C95AEE81F0D318100EA5A8F /* Sources */ = {
			isa = PBXSourcesBuildPhase;
			buildActionMask = 2147483647;
			files = (
				4C95AEF11F0D318100EA5A8F /* ActionPlanSampleUITests.swift in Sources */,
			);
			runOnlyForDeploymentPostprocessing = 0;
		};
/* End PBXSourcesBuildPhase section */

/* Begin PBXTargetDependency section */
		4C95AEE31F0D318100EA5A8F /* PBXTargetDependency */ = {
			isa = PBXTargetDependency;
			target = 4C95AECA1F0D318100EA5A8F /* ActionPlanSample */;
			targetProxy = 4C95AEE21F0D318100EA5A8F /* PBXContainerItemProxy */;
		};
		4C95AEEE1F0D318100EA5A8F /* PBXTargetDependency */ = {
			isa = PBXTargetDependency;
			target = 4C95AECA1F0D318100EA5A8F /* ActionPlanSample */;
			targetProxy = 4C95AEED1F0D318100EA5A8F /* PBXContainerItemProxy */;
		};
/* End PBXTargetDependency section */

/* Begin PBXVariantGroup section */
		4C95AED91F0D318100EA5A8F /* LaunchScreen.storyboard */ = {
			isa = PBXVariantGroup;
			children = (
				4C95AEDA1F0D318100EA5A8F /* Base */,
			);
			name = LaunchScreen.storyboard;
			sourceTree = "<group>";
		};
/* End PBXVariantGroup section */

/* Begin XCBuildConfiguration section */
		4C95AEF31F0D318100EA5A8F /* Debug */ = {
			isa = XCBuildConfiguration;
			buildSettings = {
				ALWAYS_SEARCH_USER_PATHS = NO;
				CLANG_ANALYZER_NONNULL = YES;
				CLANG_ANALYZER_NUMBER_OBJECT_CONVERSION = YES_AGGRESSIVE;
				CLANG_CXX_LANGUAGE_STANDARD = "gnu++0x";
				CLANG_CXX_LIBRARY = "libc++";
				CLANG_ENABLE_MODULES = YES;
				CLANG_ENABLE_OBJC_ARC = YES;
				CLANG_WARN_BOOL_CONVERSION = YES;
				CLANG_WARN_CONSTANT_CONVERSION = YES;
				CLANG_WARN_DIRECT_OBJC_ISA_USAGE = YES_ERROR;
				CLANG_WARN_DOCUMENTATION_COMMENTS = YES;
				CLANG_WARN_EMPTY_BODY = YES;
				CLANG_WARN_ENUM_CONVERSION = YES;
				CLANG_WARN_INFINITE_RECURSION = YES;
				CLANG_WARN_INT_CONVERSION = YES;
				CLANG_WARN_OBJC_ROOT_CLASS = YES_ERROR;
				CLANG_WARN_SUSPICIOUS_MOVE = YES;
				CLANG_WARN_UNREACHABLE_CODE = YES;
				CLANG_WARN__DUPLICATE_METHOD_MATCH = YES;
				"CODE_SIGN_IDENTITY[sdk=iphoneos*]" = "iPhone Developer";
				COPY_PHASE_STRIP = NO;
				DEBUG_INFORMATION_FORMAT = dwarf;
				ENABLE_STRICT_OBJC_MSGSEND = YES;
				ENABLE_TESTABILITY = YES;
				GCC_C_LANGUAGE_STANDARD = gnu99;
				GCC_DYNAMIC_NO_PIC = NO;
				GCC_NO_COMMON_BLOCKS = YES;
				GCC_OPTIMIZATION_LEVEL = 0;
				GCC_PREPROCESSOR_DEFINITIONS = (
					"DEBUG=1",
					"$(inherited)",
				);
				GCC_WARN_64_TO_32_BIT_CONVERSION = YES;
				GCC_WARN_ABOUT_RETURN_TYPE = YES_ERROR;
				GCC_WARN_UNDECLARED_SELECTOR = YES;
				GCC_WARN_UNINITIALIZED_AUTOS = YES_AGGRESSIVE;
				GCC_WARN_UNUSED_FUNCTION = YES;
				GCC_WARN_UNUSED_VARIABLE = YES;
				IPHONEOS_DEPLOYMENT_TARGET = 10.3;
				MTL_ENABLE_DEBUG_INFO = YES;
				ONLY_ACTIVE_ARCH = YES;
				SDKROOT = iphoneos;
				SWIFT_ACTIVE_COMPILATION_CONDITIONS = DEBUG;
				SWIFT_OPTIMIZATION_LEVEL = "-Onone";
			};
			name = Debug;
		};
		4C95AEF41F0D318100EA5A8F /* Release */ = {
			isa = XCBuildConfiguration;
			buildSettings = {
				ALWAYS_SEARCH_USER_PATHS = NO;
				CLANG_ANALYZER_NONNULL = YES;
				CLANG_ANALYZER_NUMBER_OBJECT_CONVERSION = YES_AGGRESSIVE;
				CLANG_CXX_LANGUAGE_STANDARD = "gnu++0x";
				CLANG_CXX_LIBRARY = "libc++";
				CLANG_ENABLE_MODULES = YES;
				CLANG_ENABLE_OBJC_ARC = YES;
				CLANG_WARN_BOOL_CONVERSION = YES;
				CLANG_WARN_CONSTANT_CONVERSION = YES;
				CLANG_WARN_DIRECT_OBJC_ISA_USAGE = YES_ERROR;
				CLANG_WARN_DOCUMENTATION_COMMENTS = YES;
				CLANG_WARN_EMPTY_BODY = YES;
				CLANG_WARN_ENUM_CONVERSION = YES;
				CLANG_WARN_INFINITE_RECURSION = YES;
				CLANG_WARN_INT_CONVERSION = YES;
				CLANG_WARN_OBJC_ROOT_CLASS = YES_ERROR;
				CLANG_WARN_SUSPICIOUS_MOVE = YES;
				CLANG_WARN_UNREACHABLE_CODE = YES;
				CLANG_WARN__DUPLICATE_METHOD_MATCH = YES;
				"CODE_SIGN_IDENTITY[sdk=iphoneos*]" = "iPhone Developer";
				COPY_PHASE_STRIP = NO;
				DEBUG_INFORMATION_FORMAT = "dwarf-with-dsym";
				ENABLE_NS_ASSERTIONS = NO;
				ENABLE_STRICT_OBJC_MSGSEND = YES;
				GCC_C_LANGUAGE_STANDARD = gnu99;
				GCC_NO_COMMON_BLOCKS = YES;
				GCC_WARN_64_TO_32_BIT_CONVERSION = YES;
				GCC_WARN_ABOUT_RETURN_TYPE = YES_ERROR;
				GCC_WARN_UNDECLARED_SELECTOR = YES;
				GCC_WARN_UNINITIALIZED_AUTOS = YES_AGGRESSIVE;
				GCC_WARN_UNUSED_FUNCTION = YES;
				GCC_WARN_UNUSED_VARIABLE = YES;
				IPHONEOS_DEPLOYMENT_TARGET = 10.3;
				MTL_ENABLE_DEBUG_INFO = NO;
				SDKROOT = iphoneos;
				SWIFT_OPTIMIZATION_LEVEL = "-Owholemodule";
				VALIDATE_PRODUCT = YES;
			};
			name = Release;
		};
		4C95AEF61F0D318100EA5A8F /* Debug */ = {
			isa = XCBuildConfiguration;
			baseConfigurationReference = 0B94E21A1BDCAF7FE3E968BB /* Pods-ActionPlanSample.debug.xcconfig */;
			buildSettings = {
				ASSETCATALOG_COMPILER_APPICON_NAME = AppIcon;
				CODE_SIGN_ENTITLEMENTS = ActionPlanSample/ActionPlanSample.entitlements;
				DEVELOPMENT_TEAM = UBF8T346G9;
				INFOPLIST_FILE = ActionPlanSample/Info.plist;
				LD_RUNPATH_SEARCH_PATHS = "$(inherited) @executable_path/Frameworks";
				PRODUCT_BUNDLE_IDENTIFIER = com.microsoft.ActionPlanSample;
				PRODUCT_NAME = "$(TARGET_NAME)";
				SWIFT_VERSION = 3.0;
			};
			name = Debug;
		};
		4C95AEF71F0D318100EA5A8F /* Release */ = {
			isa = XCBuildConfiguration;
			baseConfigurationReference = B352346F6FBA3997E448ACB0 /* Pods-ActionPlanSample.release.xcconfig */;
			buildSettings = {
				ASSETCATALOG_COMPILER_APPICON_NAME = AppIcon;
				CODE_SIGN_ENTITLEMENTS = ActionPlanSample/ActionPlanSample.entitlements;
				DEVELOPMENT_TEAM = UBF8T346G9;
				INFOPLIST_FILE = ActionPlanSample/Info.plist;
				LD_RUNPATH_SEARCH_PATHS = "$(inherited) @executable_path/Frameworks";
				PRODUCT_BUNDLE_IDENTIFIER = com.microsoft.ActionPlanSample;
				PRODUCT_NAME = "$(TARGET_NAME)";
				SWIFT_VERSION = 3.0;
			};
			name = Release;
		};
		4C95AEF91F0D318100EA5A8F /* Debug */ = {
			isa = XCBuildConfiguration;
			baseConfigurationReference = 1D5FAA176F1C5A120E2C596E /* Pods-ActionPlanSampleTests.debug.xcconfig */;
			buildSettings = {
				ALWAYS_EMBED_SWIFT_STANDARD_LIBRARIES = YES;
				BUNDLE_LOADER = "$(TEST_HOST)";
				DEVELOPMENT_TEAM = UBF8T346G9;
				INFOPLIST_FILE = ActionPlanSampleTests/Info.plist;
				LD_RUNPATH_SEARCH_PATHS = "$(inherited) @executable_path/Frameworks @loader_path/Frameworks";
				PRODUCT_BUNDLE_IDENTIFIER = com.microsoft.ActionPlanSampleTests;
				PRODUCT_NAME = "$(TARGET_NAME)";
				SWIFT_VERSION = 3.0;
				TEST_HOST = "$(BUILT_PRODUCTS_DIR)/ActionPlanSample.app/ActionPlanSample";
			};
			name = Debug;
		};
		4C95AEFA1F0D318100EA5A8F /* Release */ = {
			isa = XCBuildConfiguration;
			baseConfigurationReference = A3CC82098D261899A181DD89 /* Pods-ActionPlanSampleTests.release.xcconfig */;
			buildSettings = {
				ALWAYS_EMBED_SWIFT_STANDARD_LIBRARIES = YES;
				BUNDLE_LOADER = "$(TEST_HOST)";
				DEVELOPMENT_TEAM = UBF8T346G9;
				INFOPLIST_FILE = ActionPlanSampleTests/Info.plist;
				LD_RUNPATH_SEARCH_PATHS = "$(inherited) @executable_path/Frameworks @loader_path/Frameworks";
				PRODUCT_BUNDLE_IDENTIFIER = com.microsoft.ActionPlanSampleTests;
				PRODUCT_NAME = "$(TARGET_NAME)";
				SWIFT_VERSION = 3.0;
				TEST_HOST = "$(BUILT_PRODUCTS_DIR)/ActionPlanSample.app/ActionPlanSample";
			};
			name = Release;
		};
		4C95AEFC1F0D318100EA5A8F /* Debug */ = {
			isa = XCBuildConfiguration;
			buildSettings = {
				ALWAYS_EMBED_SWIFT_STANDARD_LIBRARIES = YES;
				DEVELOPMENT_TEAM = UBF8T346G9;
				INFOPLIST_FILE = ActionPlanSampleUITests/Info.plist;
				LD_RUNPATH_SEARCH_PATHS = "$(inherited) @executable_path/Frameworks @loader_path/Frameworks";
				PRODUCT_BUNDLE_IDENTIFIER = com.microsoft.ActionPlanSampleUITests;
				PRODUCT_NAME = "$(TARGET_NAME)";
				SWIFT_VERSION = 3.0;
				TEST_TARGET_NAME = ActionPlanSample;
			};
			name = Debug;
		};
		4C95AEFD1F0D318100EA5A8F /* Release */ = {
			isa = XCBuildConfiguration;
			buildSettings = {
				ALWAYS_EMBED_SWIFT_STANDARD_LIBRARIES = YES;
				DEVELOPMENT_TEAM = UBF8T346G9;
				INFOPLIST_FILE = ActionPlanSampleUITests/Info.plist;
				LD_RUNPATH_SEARCH_PATHS = "$(inherited) @executable_path/Frameworks @loader_path/Frameworks";
				PRODUCT_BUNDLE_IDENTIFIER = com.microsoft.ActionPlanSampleUITests;
				PRODUCT_NAME = "$(TARGET_NAME)";
				SWIFT_VERSION = 3.0;
				TEST_TARGET_NAME = ActionPlanSample;
			};
			name = Release;
		};
/* End XCBuildConfiguration section */

/* Begin XCConfigurationList section */
		4C95AEC61F0D318100EA5A8F /* Build configuration list for PBXProject "ActionPlanSample" */ = {
			isa = XCConfigurationList;
			buildConfigurations = (
				4C95AEF31F0D318100EA5A8F /* Debug */,
				4C95AEF41F0D318100EA5A8F /* Release */,
			);
			defaultConfigurationIsVisible = 0;
			defaultConfigurationName = Release;
		};
		4C95AEF51F0D318100EA5A8F /* Build configuration list for PBXNativeTarget "ActionPlanSample" */ = {
			isa = XCConfigurationList;
			buildConfigurations = (
				4C95AEF61F0D318100EA5A8F /* Debug */,
				4C95AEF71F0D318100EA5A8F /* Release */,
			);
			defaultConfigurationIsVisible = 0;
			defaultConfigurationName = Release;
		};
		4C95AEF81F0D318100EA5A8F /* Build configuration list for PBXNativeTarget "ActionPlanSampleTests" */ = {
			isa = XCConfigurationList;
			buildConfigurations = (
				4C95AEF91F0D318100EA5A8F /* Debug */,
				4C95AEFA1F0D318100EA5A8F /* Release */,
			);
			defaultConfigurationIsVisible = 0;
			defaultConfigurationName = Release;
		};
		4C95AEFB1F0D318100EA5A8F /* Build configuration list for PBXNativeTarget "ActionPlanSampleUITests" */ = {
			isa = XCConfigurationList;
			buildConfigurations = (
				4C95AEFC1F0D318100EA5A8F /* Debug */,
				4C95AEFD1F0D318100EA5A8F /* Release */,
			);
			defaultConfigurationIsVisible = 0;
			defaultConfigurationName = Release;
		};
/* End XCConfigurationList section */
	};
	rootObject = 4C95AEC31F0D318100EA5A8F /* Project object */;
}
