
Microsoft Visual Studio Solution File, Format Version 11.00
# Visual Studio 2010
Project("{FAE04EC0-301F-11D3-BF4B-00C04F79EFBC}") = "HVClientSample", "HVClientSample.csproj", "{D817A15C-650D-49BE-96F8-C7772EC96DED}"
EndProject
Global
	GlobalSection(SolutionConfigurationPlatforms) = preSolution
		Debug|Any CPU = Debug|Any CPU
		Release|Any CPU = Release|Any CPU
	EndGlobalSection
	GlobalSection(ProjectConfigurationPlatforms) = postSolution
		{D817A15C-650D-49BE-96F8-C7772EC96DED}.Debug|Any CPU.ActiveCfg = Debug|Any CPU
		{D817A15C-650D-49BE-96F8-C7772EC96DED}.Debug|Any CPU.Build.0 = Debug|Any CPU
		{D817A15C-650D-49BE-96F8-C7772EC96DED}.Release|Any CPU.ActiveCfg = Release|Any CPU
		{D817A15C-650D-49BE-96F8-C7772EC96DED}.Release|Any CPU.Build.0 = Release|Any CPU
	EndGlobalSection
	GlobalSection(SolutionProperties) = preSolution
		HideSolutionNode = FALSE
	EndGlobalSection
EndGlobal
