PODS:
  - HealthVault/Core (3.0-preview.2)

DEPENDENCIES:
  - HealthVault/Core (from `https://github.com/Microsoft/healthvault-ios-sdk.git`, branch `microsoft/develop`)

EXTERNAL SOURCES:
  HealthVault:
    :branch: microsoft/develop
    :git: https://github.com/Microsoft/healthvault-ios-sdk.git

CHECKOUT OPTIONS:
  HealthVault:
    :commit: 704767c6af16f4b1155d32b05bb4146e5738a5ef
    :git: https://github.com/Microsoft/healthvault-ios-sdk.git

SPEC CHECKSUMS:
  HealthVault: 11b385b859fff5fd5b126605174627f75d1892fd

PODFILE CHECKSUM: dcc84ea5cc540982bf585450b5fe9438f0405d80

COCOAPODS: 1.2.1
