PODS:
  - HealthVault/Core (3.0-preview.5)

DEPENDENCIES:
  - HealthVault/Core (from `https://github.com/Microsoft/healthvault-ios-sdk.git`, branch `microsoft/develop`)

EXTERNAL SOURCES:
  HealthVault:
    :branch: microsoft/develop
    :git: https://github.com/Microsoft/healthvault-ios-sdk.git

CHECKOUT OPTIONS:
  HealthVault:
    :commit: 37d3e97b5a246cc76858c85d460f672cdc90399c
    :git: https://github.com/Microsoft/healthvault-ios-sdk.git

SPEC CHECKSUMS:
  HealthVault: 7769453ba55849e8360625284fdc87764464841b

PODFILE CHECKSUM: dcc84ea5cc540982bf585450b5fe9438f0405d80

COCOAPODS: 1.5.3
